
Microsoft Visual Studio Solution File, Format Version 12.00
# Visual Studio Version 17
VisualStudioVersion = 17.10.35004.147
MinimumVisualStudioVersion = 10.0.40219.1
Project("{FAE04EC0-301F-11D3-BF4B-00C04F79EFBC}") = "DentistDataAccessLeyer", "DentistDataAccessLeyer\DentistDataAccessLeyer.csproj", "{0BEB895A-6261-4E57-9C5B-6B53F9E2CBA0}"
EndProject
Project("{FAE04EC0-301F-11D3-BF4B-00C04F79EFBC}") = "DentistBusinessLeyer", "DentistBusinessLeyer\DentistBusinessLeyer.csproj", "{AA01C516-CFE4-4B80-AA01-476ACD535335}"
EndProject
Project("{FAE04EC0-301F-11D3-BF4B-00C04F79EFBC}") = "dentist", "dentist\dentist.csproj", "{2F9D61C5-24C1-4AA8-A90C-833FCE4D4867}"
EndProject
Global
	GlobalSection(SolutionConfigurationPlatforms) = preSolution
		Debug|Any CPU = Debug|Any CPU
		Release|Any CPU = Release|Any CPU
	EndGlobalSection
	GlobalSection(ProjectConfigurationPlatforms) = postSolution
		{0BEB895A-6261-4E57-9C5B-6B53F9E2CBA0}.Debug|Any CPU.ActiveCfg = Debug|Any CPU
		{0BEB895A-6261-4E57-9C5B-6B53F9E2CBA0}.Debug|Any CPU.Build.0 = Debug|Any CPU
		{0BEB895A-6261-4E57-9C5B-6B53F9E2CBA0}.Release|Any CPU.ActiveCfg = Release|Any CPU
		{0BEB895A-6261-4E57-9C5B-6B53F9E2CBA0}.Release|Any CPU.Build.0 = Release|Any CPU
		{AA01C516-CFE4-4B80-AA01-476ACD535335}.Debug|Any CPU.ActiveCfg = Debug|Any CPU
		{AA01C516-CFE4-4B80-AA01-476ACD535335}.Debug|Any CPU.Build.0 = Debug|Any CPU
		{AA01C516-CFE4-4B80-AA01-476ACD535335}.Release|Any CPU.ActiveCfg = Release|Any CPU
		{AA01C516-CFE4-4B80-AA01-476ACD535335}.Release|Any CPU.Build.0 = Release|Any CPU
		{2F9D61C5-24C1-4AA8-A90C-833FCE4D4867}.Debug|Any CPU.ActiveCfg = Debug|Any CPU
		{2F9D61C5-24C1-4AA8-A90C-833FCE4D4867}.Debug|Any CPU.Build.0 = Debug|Any CPU
		{2F9D61C5-24C1-4AA8-A90C-833FCE4D4867}.Release|Any CPU.ActiveCfg = Release|Any CPU
		{2F9D61C5-24C1-4AA8-A90C-833FCE4D4867}.Release|Any CPU.Build.0 = Release|Any CPU
	EndGlobalSection
	GlobalSection(SolutionProperties) = preSolution
		HideSolutionNode = FALSE
	EndGlobalSection
	GlobalSection(ExtensibilityGlobals) = postSolution
		SolutionGuid = {4D1234A0-7AF7-40D6-AB87-859058505A43}
	EndGlobalSection
EndGlobal
